// !$*UTF8*$!
{
	archiveVersion = 1;
	classes = {
	};
	objectVersion = 46;
	objects = {

/* Begin PBXBuildFile section */
		2280F6991C01AD9500B82C75 /* AppDelegate.swift in Sources */ = {isa = PBXBuildFile; fileRef = 2280F6981C01AD9500B82C75 /* AppDelegate.swift */; };
		2280F69E1C01AD9500B82C75 /* Main.storyboard in Resources */ = {isa = PBXBuildFile; fileRef = 2280F69C1C01AD9500B82C75 /* Main.storyboard */; };
		2280F6A01C01AD9500B82C75 /* Assets.xcassets in Resources */ = {isa = PBXBuildFile; fileRef = 2280F69F1C01AD9500B82C75 /* Assets.xcassets */; };
		2280F6A31C01AD9500B82C75 /* LaunchScreen.storyboard in Resources */ = {isa = PBXBuildFile; fileRef = 2280F6A11C01AD9500B82C75 /* LaunchScreen.storyboard */; };
		2280F6AE1C01AD9500B82C75 /* PCM2Tests.swift in Sources */ = {isa = PBXBuildFile; fileRef = 2280F6AD1C01AD9500B82C75 /* PCM2Tests.swift */; };
		2280F7181C055EAA00B82C75 /* ContactsTableViewController.swift in Sources */ = {isa = PBXBuildFile; fileRef = 2280F7171C055EAA00B82C75 /* ContactsTableViewController.swift */; };
		2280F71A1C0564B700B82C75 /* ContactTableViewCell.swift in Sources */ = {isa = PBXBuildFile; fileRef = 2280F7191C0564B700B82C75 /* ContactTableViewCell.swift */; };
		2280F71C1C05957500B82C75 /* Contact.swift in Sources */ = {isa = PBXBuildFile; fileRef = 2280F71B1C05957500B82C75 /* Contact.swift */; };
		2280F7221C059E5700B82C75 /* ContactsRequest.swift in Sources */ = {isa = PBXBuildFile; fileRef = 2280F7211C059E5700B82C75 /* ContactsRequest.swift */; };
		2280F7281C06289000B82C75 /* RemindersTableViewController.swift in Sources */ = {isa = PBXBuildFile; fileRef = 2280F7271C06289000B82C75 /* RemindersTableViewController.swift */; };
		2280F72A1C06298500B82C75 /* ReminderTableViewCell.swift in Sources */ = {isa = PBXBuildFile; fileRef = 2280F7291C06298500B82C75 /* ReminderTableViewCell.swift */; };
		2280F72E1C0687C000B82C75 /* EditContactViewController.swift in Sources */ = {isa = PBXBuildFile; fileRef = 2280F72D1C0687C000B82C75 /* EditContactViewController.swift */; };
		2280F7301C06C6A300B82C75 /* DetailContactViewController.swift in Sources */ = {isa = PBXBuildFile; fileRef = 2280F72F1C06C6A300B82C75 /* DetailContactViewController.swift */; };
/* End PBXBuildFile section */

/* Begin PBXContainerItemProxy section */
		2280F6AA1C01AD9500B82C75 /* PBXContainerItemProxy */ = {
			isa = PBXContainerItemProxy;
			containerPortal = 2280F68D1C01AD9500B82C75 /* Project object */;
			proxyType = 1;
			remoteGlobalIDString = 2280F6941C01AD9500B82C75;
			remoteInfo = PCM2;
		};
/* End PBXContainerItemProxy section */

/* Begin PBXFileReference section */
		2280F6951C01AD9500B82C75 /* PCM2.app */ = {isa = PBXFileReference; explicitFileType = wrapper.application; includeInIndex = 0; path = PCM2.app; sourceTree = BUILT_PRODUCTS_DIR; };
		2280F6981C01AD9500B82C75 /* AppDelegate.swift */ = {isa = PBXFileReference; lastKnownFileType = sourcecode.swift; path = AppDelegate.swift; sourceTree = "<group>"; };
		2280F69D1C01AD9500B82C75 /* Base */ = {isa = PBXFileReference; lastKnownFileType = file.storyboard; name = Base; path = Base.lproj/Main.storyboard; sourceTree = "<group>"; };
		2280F69F1C01AD9500B82C75 /* Assets.xcassets */ = {isa = PBXFileReference; lastKnownFileType = folder.assetcatalog; path = Assets.xcassets; sourceTree = "<group>"; };
		2280F6A21C01AD9500B82C75 /* Base */ = {isa = PBXFileReference; lastKnownFileType = file.storyboard; name = Base; path = Base.lproj/LaunchScreen.storyboard; sourceTree = "<group>"; };
		2280F6A41C01AD9500B82C75 /* Info.plist */ = {isa = PBXFileReference; lastKnownFileType = text.plist.xml; path = Info.plist; sourceTree = "<group>"; };
		2280F6A91C01AD9500B82C75 /* PCM2Tests.xctest */ = {isa = PBXFileReference; explicitFileType = wrapper.cfbundle; includeInIndex = 0; path = PCM2Tests.xctest; sourceTree = BUILT_PRODUCTS_DIR; };
		2280F6AD1C01AD9500B82C75 /* PCM2Tests.swift */ = {isa = PBXFileReference; lastKnownFileType = sourcecode.swift; path = PCM2Tests.swift; sourceTree = "<group>"; };
		2280F6AF1C01AD9500B82C75 /* Info.plist */ = {isa = PBXFileReference; lastKnownFileType = text.plist.xml; path = Info.plist; sourceTree = "<group>"; };
		2280F7171C055EAA00B82C75 /* ContactsTableViewController.swift */ = {isa = PBXFileReference; fileEncoding = 4; lastKnownFileType = sourcecode.swift; path = ContactsTableViewController.swift; sourceTree = "<group>"; };
		2280F7191C0564B700B82C75 /* ContactTableViewCell.swift */ = {isa = PBXFileReference; fileEncoding = 4; lastKnownFileType = sourcecode.swift; path = ContactTableViewCell.swift; sourceTree = "<group>"; };
		2280F71B1C05957500B82C75 /* Contact.swift */ = {isa = PBXFileReference; fileEncoding = 4; lastKnownFileType = sourcecode.swift; path = Contact.swift; sourceTree = "<group>"; };
		2280F7211C059E5700B82C75 /* ContactsRequest.swift */ = {isa = PBXFileReference; fileEncoding = 4; lastKnownFileType = sourcecode.swift; name = ContactsRequest.swift; path = ../ContactsRequest.swift; sourceTree = "<group>"; };
		2280F7271C06289000B82C75 /* RemindersTableViewController.swift */ = {isa = PBXFileReference; fileEncoding = 4; lastKnownFileType = sourcecode.swift; path = RemindersTableViewController.swift; sourceTree = "<group>"; };
		2280F7291C06298500B82C75 /* ReminderTableViewCell.swift */ = {isa = PBXFileReference; fileEncoding = 4; lastKnownFileType = sourcecode.swift; path = ReminderTableViewCell.swift; sourceTree = "<group>"; };
		2280F72D1C0687C000B82C75 /* EditContactViewController.swift */ = {isa = PBXFileReference; fileEncoding = 4; lastKnownFileType = sourcecode.swift; path = EditContactViewController.swift; sourceTree = "<group>"; };
		2280F72F1C06C6A300B82C75 /* DetailContactViewController.swift */ = {isa = PBXFileReference; fileEncoding = 4; lastKnownFileType = sourcecode.swift; path = DetailContactViewController.swift; sourceTree = "<group>"; };
/* End PBXFileReference section */

/* Begin PBXFrameworksBuildPhase section */
		2280F6921C01AD9500B82C75 /* Frameworks */ = {
			isa = PBXFrameworksBuildPhase;
			buildActionMask = 2147483647;
			files = (
			);
			runOnlyForDeploymentPostprocessing = 0;
		};
		2280F6A61C01AD9500B82C75 /* Frameworks */ = {
			isa = PBXFrameworksBuildPhase;
			buildActionMask = 2147483647;
			files = (
			);
			runOnlyForDeploymentPostprocessing = 0;
		};
/* End PBXFrameworksBuildPhase section */

/* Begin PBXGroup section */
		2280F68C1C01AD9500B82C75 = {
			isa = PBXGroup;
			children = (
				2280F6971C01AD9500B82C75 /* PCM2 */,
				2280F6AC1C01AD9500B82C75 /* PCM2Tests */,
				2280F6961C01AD9500B82C75 /* Products */,
			);
			sourceTree = "<group>";
		};
		2280F6961C01AD9500B82C75 /* Products */ = {
			isa = PBXGroup;
			children = (
				2280F6951C01AD9500B82C75 /* PCM2.app */,
				2280F6A91C01AD9500B82C75 /* PCM2Tests.xctest */,
			);
			name = Products;
			sourceTree = "<group>";
		};
		2280F6971C01AD9500B82C75 /* PCM2 */ = {
			isa = PBXGroup;
			children = (
				2280F6B81C01ADBF00B82C75 /* Supporting Files */,
				2280F69C1C01AD9500B82C75 /* Main.storyboard */,
				2280F7191C0564B700B82C75 /* ContactTableViewCell.swift */,
				2280F7291C06298500B82C75 /* ReminderTableViewCell.swift */,
				2280F7271C06289000B82C75 /* RemindersTableViewController.swift */,
				2280F7171C055EAA00B82C75 /* ContactsTableViewController.swift */,
				2280F72D1C0687C000B82C75 /* EditContactViewController.swift */,
				2280F72F1C06C6A300B82C75 /* DetailContactViewController.swift */,
				2280F7211C059E5700B82C75 /* ContactsRequest.swift */,
				2280F71B1C05957500B82C75 /* Contact.swift */,
				2280F6A41C01AD9500B82C75 /* Info.plist */,
			);
			path = PCM2;
			sourceTree = "<group>";
		};
		2280F6AC1C01AD9500B82C75 /* PCM2Tests */ = {
			isa = PBXGroup;
			children = (
				2280F6AD1C01AD9500B82C75 /* PCM2Tests.swift */,
				2280F6AF1C01AD9500B82C75 /* Info.plist */,
			);
			path = PCM2Tests;
			sourceTree = "<group>";
		};
		2280F6B81C01ADBF00B82C75 /* Supporting Files */ = {
			isa = PBXGroup;
			children = (
				2280F69F1C01AD9500B82C75 /* Assets.xcassets */,
				2280F6A11C01AD9500B82C75 /* LaunchScreen.storyboard */,
				2280F6981C01AD9500B82C75 /* AppDelegate.swift */,
			);
			name = "Supporting Files";
			sourceTree = "<group>";
		};
/* End PBXGroup section */

/* Begin PBXNativeTarget section */
		2280F6941C01AD9500B82C75 /* PCM2 */ = {
			isa = PBXNativeTarget;
			buildConfigurationList = 2280F6B21C01AD9500B82C75 /* Build configuration list for PBXNativeTarget "PCM2" */;
			buildPhases = (
				2280F6911C01AD9500B82C75 /* Sources */,
				2280F6921C01AD9500B82C75 /* Frameworks */,
				2280F6931C01AD9500B82C75 /* Resources */,
			);
			buildRules = (
			);
			dependencies = (
			);
			name = PCM2;
			productName = PCM2;
			productReference = 2280F6951C01AD9500B82C75 /* PCM2.app */;
			productType = "com.apple.product-type.application";
		};
		2280F6A81C01AD9500B82C75 /* PCM2Tests */ = {
			isa = PBXNativeTarget;
			buildConfigurationList = 2280F6B51C01AD9500B82C75 /* Build configuration list for PBXNativeTarget "PCM2Tests" */;
			buildPhases = (
				2280F6A51C01AD9500B82C75 /* Sources */,
				2280F6A61C01AD9500B82C75 /* Frameworks */,
				2280F6A71C01AD9500B82C75 /* Resources */,
			);
			buildRules = (
			);
			dependencies = (
				2280F6AB1C01AD9500B82C75 /* PBXTargetDependency */,
			);
			name = PCM2Tests;
			productName = PCM2Tests;
			productReference = 2280F6A91C01AD9500B82C75 /* PCM2Tests.xctest */;
			productType = "com.apple.product-type.bundle.unit-test";
		};
/* End PBXNativeTarget section */

/* Begin PBXProject section */
		2280F68D1C01AD9500B82C75 /* Project object */ = {
			isa = PBXProject;
			attributes = {
				LastSwiftUpdateCheck = 0710;
				LastUpgradeCheck = 0710;
				ORGANIZATIONNAME = "Youngjae Ho";
				TargetAttributes = {
					2280F6941C01AD9500B82C75 = {
						CreatedOnToolsVersion = 7.1.1;
						DevelopmentTeam = 87952ZYCL8;
					};
					2280F6A81C01AD9500B82C75 = {
						CreatedOnToolsVersion = 7.1.1;
						DevelopmentTeam = 87952ZYCL8;
						TestTargetID = 2280F6941C01AD9500B82C75;
					};
				};
			};
			buildConfigurationList = 2280F6901C01AD9500B82C75 /* Build configuration list for PBXProject "PCM2" */;
			compatibilityVersion = "Xcode 3.2";
			developmentRegion = English;
			hasScannedForEncodings = 0;
			knownRegions = (
				en,
				Base,
			);
			mainGroup = 2280F68C1C01AD9500B82C75;
			productRefGroup = 2280F6961C01AD9500B82C75 /* Products */;
			projectDirPath = "";
			projectRoot = "";
			targets = (
				2280F6941C01AD9500B82C75 /* PCM2 */,
				2280F6A81C01AD9500B82C75 /* PCM2Tests */,
			);
		};
/* End PBXProject section */

/* Begin PBXResourcesBuildPhase section */
		2280F6931C01AD9500B82C75 /* Resources */ = {
			isa = PBXResourcesBuildPhase;
			buildActionMask = 2147483647;
			files = (
				2280F6A31C01AD9500B82C75 /* LaunchScreen.storyboard in Resources */,
				2280F6A01C01AD9500B82C75 /* Assets.xcassets in Resources */,
				2280F69E1C01AD9500B82C75 /* Main.storyboard in Resources */,
			);
			runOnlyForDeploymentPostprocessing = 0;
		};
		2280F6A71C01AD9500B82C75 /* Resources */ = {
			isa = PBXResourcesBuildPhase;
			buildActionMask = 2147483647;
			files = (
			);
			runOnlyForDeploymentPostprocessing = 0;
		};
/* End PBXResourcesBuildPhase section */

/* Begin PBXSourcesBuildPhase section */
		2280F6911C01AD9500B82C75 /* Sources */ = {
			isa = PBXSourcesBuildPhase;
			buildActionMask = 2147483647;
			files = (
				2280F71C1C05957500B82C75 /* Contact.swift in Sources */,
				2280F7301C06C6A300B82C75 /* DetailContactViewController.swift in Sources */,
				2280F71A1C0564B700B82C75 /* ContactTableViewCell.swift in Sources */,
				2280F7221C059E5700B82C75 /* ContactsRequest.swift in Sources */,
				2280F72E1C0687C000B82C75 /* EditContactViewController.swift in Sources */,
				2280F7281C06289000B82C75 /* RemindersTableViewController.swift in Sources */,
				2280F6991C01AD9500B82C75 /* AppDelegate.swift in Sources */,
				2280F7181C055EAA00B82C75 /* ContactsTableViewController.swift in Sources */,
				2280F72A1C06298500B82C75 /* ReminderTableViewCell.swift in Sources */,
			);
			runOnlyForDeploymentPostprocessing = 0;
		};
		2280F6A51C01AD9500B82C75 /* Sources */ = {
			isa = PBXSourcesBuildPhase;
			buildActionMask = 2147483647;
			files = (
				2280F6AE1C01AD9500B82C75 /* PCM2Tests.swift in Sources */,
			);
			runOnlyForDeploymentPostprocessing = 0;
		};
/* End PBXSourcesBuildPhase section */

/* Begin PBXTargetDependency section */
		2280F6AB1C01AD9500B82C75 /* PBXTargetDependency */ = {
			isa = PBXTargetDependency;
			target = 2280F6941C01AD9500B82C75 /* PCM2 */;
			targetProxy = 2280F6AA1C01AD9500B82C75 /* PBXContainerItemProxy */;
		};
/* End PBXTargetDependency section */

/* Begin PBXVariantGroup section */
		2280F69C1C01AD9500B82C75 /* Main.storyboard */ = {
			isa = PBXVariantGroup;
			children = (
				2280F69D1C01AD9500B82C75 /* Base */,
			);
			name = Main.storyboard;
			sourceTree = "<group>";
		};
		2280F6A11C01AD9500B82C75 /* LaunchScreen.storyboard */ = {
			isa = PBXVariantGroup;
			children = (
				2280F6A21C01AD9500B82C75 /* Base */,
			);
			name = LaunchScreen.storyboard;
			sourceTree = "<group>";
		};
/* End PBXVariantGroup section */

/* Begin XCBuildConfiguration section */
		2280F6B01C01AD9500B82C75 /* Debug */ = {
			isa = XCBuildConfiguration;
			buildSettings = {
				ALWAYS_SEARCH_USER_PATHS = NO;
				CLANG_CXX_LANGUAGE_STANDARD = "gnu++0x";
				CLANG_CXX_LIBRARY = "libc++";
				CLANG_ENABLE_MODULES = YES;
				CLANG_ENABLE_OBJC_ARC = YES;
				CLANG_WARN_BOOL_CONVERSION = YES;
				CLANG_WARN_CONSTANT_CONVERSION = YES;
				CLANG_WARN_DIRECT_OBJC_ISA_USAGE = YES_ERROR;
				CLANG_WARN_EMPTY_BODY = YES;
				CLANG_WARN_ENUM_CONVERSION = YES;
				CLANG_WARN_INT_CONVERSION = YES;
				CLANG_WARN_OBJC_ROOT_CLASS = YES_ERROR;
				CLANG_WARN_UNREACHABLE_CODE = YES;
				CLANG_WARN__DUPLICATE_METHOD_MATCH = YES;
				"CODE_SIGN_IDENTITY[sdk=iphoneos*]" = "iPhone Developer";
				COPY_PHASE_STRIP = NO;
				DEBUG_INFORMATION_FORMAT = dwarf;
				ENABLE_STRICT_OBJC_MSGSEND = YES;
				ENABLE_TESTABILITY = YES;
				GCC_C_LANGUAGE_STANDARD = gnu99;
				GCC_DYNAMIC_NO_PIC = NO;
				GCC_NO_COMMON_BLOCKS = YES;
				GCC_OPTIMIZATION_LEVEL = 0;
				GCC_PREPROCESSOR_DEFINITIONS = (
					"DEBUG=1",
					"$(inherited)",
				);
				GCC_WARN_64_TO_32_BIT_CONVERSION = YES;
				GCC_WARN_ABOUT_RETURN_TYPE = YES_ERROR;
				GCC_WARN_UNDECLARED_SELECTOR = YES;
				GCC_WARN_UNINITIALIZED_AUTOS = YES_AGGRESSIVE;
				GCC_WARN_UNUSED_FUNCTION = YES;
				GCC_WARN_UNUSED_VARIABLE = YES;
				IPHONEOS_DEPLOYMENT_TARGET = 9.1;
				MTL_ENABLE_DEBUG_INFO = YES;
				ONLY_ACTIVE_ARCH = YES;
				SDKROOT = iphoneos;
				SWIFT_OPTIMIZATION_LEVEL = "-Onone";
				TARGETED_DEVICE_FAMILY = "1,2";
			};
			name = Debug;
		};
		2280F6B11C01AD9500B82C75 /* Release */ = {
			isa = XCBuildConfiguration;
			buildSettings = {
				ALWAYS_SEARCH_USER_PATHS = NO;
				CLANG_CXX_LANGUAGE_STANDARD = "gnu++0x";
				CLANG_CXX_LIBRARY = "libc++";
				CLANG_ENABLE_MODULES = YES;
				CLANG_ENABLE_OBJC_ARC = YES;
				CLANG_WARN_BOOL_CONVERSION = YES;
				CLANG_WARN_CONSTANT_CONVERSION = YES;
				CLANG_WARN_DIRECT_OBJC_ISA_USAGE = YES_ERROR;
				CLANG_WARN_EMPTY_BODY = YES;
				CLANG_WARN_ENUM_CONVERSION = YES;
				CLANG_WARN_INT_CONVERSION = YES;
				CLANG_WARN_OBJC_ROOT_CLASS = YES_ERROR;
				CLANG_WARN_UNREACHABLE_CODE = YES;
				CLANG_WARN__DUPLICATE_METHOD_MATCH = YES;
				"CODE_SIGN_IDENTITY[sdk=iphoneos*]" = "iPhone Developer";
				COPY_PHASE_STRIP = NO;
				DEBUG_INFORMATION_FORMAT = "dwarf-with-dsym";
				ENABLE_NS_ASSERTIONS = NO;
				ENABLE_STRICT_OBJC_MSGSEND = YES;
				GCC_C_LANGUAGE_STANDARD = gnu99;
				GCC_NO_COMMON_BLOCKS = YES;
				GCC_WARN_64_TO_32_BIT_CONVERSION = YES;
				GCC_WARN_ABOUT_RETURN_TYPE = YES_ERROR;
				GCC_WARN_UNDECLARED_SELECTOR = YES;
				GCC_WARN_UNINITIALIZED_AUTOS = YES_AGGRESSIVE;
				GCC_WARN_UNUSED_FUNCTION = YES;
				GCC_WARN_UNUSED_VARIABLE = YES;
				IPHONEOS_DEPLOYMENT_TARGET = 9.1;
				MTL_ENABLE_DEBUG_INFO = NO;
				SDKROOT = iphoneos;
				TARGETED_DEVICE_FAMILY = "1,2";
				VALIDATE_PRODUCT = YES;
			};
			name = Release;
		};
		2280F6B31C01AD9500B82C75 /* Debug */ = {
			isa = XCBuildConfiguration;
			buildSettings = {
				ASSETCATALOG_COMPILER_APPICON_NAME = AppIcon;
				INFOPLIST_FILE = PCM2/Info.plist;
				LD_RUNPATH_SEARCH_PATHS = "$(inherited) @executable_path/Frameworks";
				PRODUCT_BUNDLE_IDENTIFIER = edu.vanderbilt.young.j.ho.PCM2;
				PRODUCT_NAME = "$(TARGET_NAME)";
			};
			name = Debug;
		};
		2280F6B41C01AD9500B82C75 /* Release */ = {
			isa = XCBuildConfiguration;
			buildSettings = {
				ASSETCATALOG_COMPILER_APPICON_NAME = AppIcon;
				INFOPLIST_FILE = PCM2/Info.plist;
				LD_RUNPATH_SEARCH_PATHS = "$(inherited) @executable_path/Frameworks";
				PRODUCT_BUNDLE_IDENTIFIER = edu.vanderbilt.young.j.ho.PCM2;
				PRODUCT_NAME = "$(TARGET_NAME)";
			};
			name = Release;
		};
		2280F6B61C01AD9500B82C75 /* Debug */ = {
			isa = XCBuildConfiguration;
			buildSettings = {
				BUNDLE_LOADER = "$(TEST_HOST)";
				INFOPLIST_FILE = PCM2Tests/Info.plist;
				LD_RUNPATH_SEARCH_PATHS = "$(inherited) @executable_path/Frameworks @loader_path/Frameworks";
				PRODUCT_BUNDLE_IDENTIFIER = edu.vanderbilt.young.j.ho.PCM2Tests;
				PRODUCT_NAME = "$(TARGET_NAME)";
				TEST_HOST = "$(BUILT_PRODUCTS_DIR)/PCM2.app/PCM2";
			};
			name = Debug;
		};
		2280F6B71C01AD9500B82C75 /* Release */ = {
			isa = XCBuildConfiguration;
			buildSettings = {
				BUNDLE_LOADER = "$(TEST_HOST)";
				INFOPLIST_FILE = PCM2Tests/Info.plist;
				LD_RUNPATH_SEARCH_PATHS = "$(inherited) @executable_path/Frameworks @loader_path/Frameworks";
				PRODUCT_BUNDLE_IDENTIFIER = edu.vanderbilt.young.j.ho.PCM2Tests;
				PRODUCT_NAME = "$(TARGET_NAME)";
				TEST_HOST = "$(BUILT_PRODUCTS_DIR)/PCM2.app/PCM2";
			};
			name = Release;
		};
/* End XCBuildConfiguration section */

/* Begin XCConfigurationList section */
		2280F6901C01AD9500B82C75 /* Build configuration list for PBXProject "PCM2" */ = {
			isa = XCConfigurationList;
			buildConfigurations = (
				2280F6B01C01AD9500B82C75 /* Debug */,
				2280F6B11C01AD9500B82C75 /* Release */,
			);
			defaultConfigurationIsVisible = 0;
			defaultConfigurationName = Release;
		};
		2280F6B21C01AD9500B82C75 /* Build configuration list for PBXNativeTarget "PCM2" */ = {
			isa = XCConfigurationList;
			buildConfigurations = (
				2280F6B31C01AD9500B82C75 /* Debug */,
				2280F6B41C01AD9500B82C75 /* Release */,
			);
			defaultConfigurationIsVisible = 0;
			defaultConfigurationName = Release;
		};
		2280F6B51C01AD9500B82C75 /* Build configuration list for PBXNativeTarget "PCM2Tests" */ = {
			isa = XCConfigurationList;
			buildConfigurations = (
				2280F6B61C01AD9500B82C75 /* Debug */,
				2280F6B71C01AD9500B82C75 /* Release */,
			);
			defaultConfigurationIsVisible = 0;
			defaultConfigurationName = Release;
		};
/* End XCConfigurationList section */
	};
	rootObject = 2280F68D1C01AD9500B82C75 /* Project object */;
}
